// !$*UTF8*$!
{
	archiveVersion = 1;
	classes = {
	};
	objectVersion = 77;
	objects = {

/* Begin PBXContainerItemProxy section */
		CE32C78B2F1CBE38000A882E /* PBXContainerItemProxy */ = {
			isa = PBXContainerItemProxy;
			containerPortal = CE32C7752F1CBE36000A882E /* Project object */;
			proxyType = 1;
			remoteGlobalIDString = CE32C77C2F1CBE36000A882E;
			remoteInfo = "BB counter";
		};
		CE32C7952F1CBE38000A882E /* PBXContainerItemProxy */ = {
			isa = PBXContainerItemProxy;
			containerPortal = CE32C7752F1CBE36000A882E /* Project object */;
			proxyType = 1;
			remoteGlobalIDString = CE32C77C2F1CBE36000A882E;
			remoteInfo = "BB counter";
		};
/* End PBXContainerItemProxy section */

/* Begin PBXFileReference section */
		CE32C77D2F1CBE36000A882E /* BB counter.app */ = {isa = PBXFileReference; explicitFileType = wrapper.application; includeInIndex = 0; path = "BB counter.app"; sourceTree = BUILT_PRODUCTS_DIR; };
		CE32C78A2F1CBE38000A882E /* BB counterTests.xctest */ = {isa = PBXFileReference; explicitFileType = wrapper.cfbundle; includeInIndex = 0; path = "BB counterTests.xctest"; sourceTree = BUILT_PRODUCTS_DIR; };
		CE32C7942F1CBE38000A882E /* BB counterUITests.xctest */ = {isa = PBXFileReference; explicitFileType = wrapper.cfbundle; includeInIndex = 0; path = "BB counterUITests.xctest"; sourceTree = BUILT_PRODUCTS_DIR; };
/* End PBXFileReference section */

/* Begin PBXFileSystemSynchronizedRootGroup section */
		CE32C77F2F1CBE36000A882E /* BB counter */ = {
			isa = PBXFileSystemSynchronizedRootGroup;
			path = "BB counter";
			sourceTree = "<group>";
		};
		CE32C78D2F1CBE38000A882E /* BB counterTests */ = {
			isa = PBXFileSystemSynchronizedRootGroup;
			path = "BB counterTests";
			sourceTree = "<group>";
		};
		CE32C7972F1CBE38000A882E /* BB counterUITests */ = {
			isa = PBXFileSystemSynchronizedRootGroup;
			path = "BB counterUITests";
			sourceTree = "<group>";
		};
/* End PBXFileSystemSynchronizedRootGroup section */

/* Begin PBXFrameworksBuildPhase section */
		CE32C77A2F1CBE36000A882E /* Frameworks */ = {
			isa = PBXFrameworksBuildPhase;
			buildActionMask = 2147483647;
			files = (
			);
			runOnlyForDeploymentPostprocessing = 0;
		};
		CE32C7872F1CBE38000A882E /* Frameworks */ = {
			isa = PBXFrameworksBuildPhase;
			buildActionMask = 2147483647;
			files = (
			);
			runOnlyForDeploymentPostprocessing = 0;
		};
		CE32C7912F1CBE38000A882E /* Frameworks */ = {
			isa = PBXFrameworksBuildPhase;
			buildActionMask = 2147483647;
			files = (
			);
			runOnlyForDeploymentPostprocessing = 0;
		};
/* End PBXFrameworksBuildPhase section */

/* Begin PBXGroup section */
		CE32C7742F1CBE36000A882E = {
			isa = PBXGroup;
			children = (
				CE32C77F2F1CBE36000A882E /* BB counter */,
				CE32C78D2F1CBE38000A882E /* BB counterTests */,
				CE32C7972F1CBE38000A882E /* BB counterUITests */,
				CE32C77E2F1CBE36000A882E /* Products */,
			);
			sourceTree = "<group>";
		};
		CE32C77E2F1CBE36000A882E /* Products */ = {
			isa = PBXGroup;
			children = (
				CE32C77D2F1CBE36000A882E /* BB counter.app */,
				CE32C78A2F1CBE38000A882E /* BB counterTests.xctest */,
				CE32C7942F1CBE38000A882E /* BB counterUITests.xctest */,
			);
			name = Products;
			sourceTree = "<group>";
		};
/* End PBXGroup section */

/* Begin PBXNativeTarget section */
		CE32C77C2F1CBE36000A882E /* BB counter */ = {
			isa = PBXNativeTarget;
			buildConfigurationList = CE32C79E2F1CBE38000A882E /* Build configuration list for PBXNativeTarget "BB counter" */;
			buildPhases = (
				CE32C7792F1CBE36000A882E /* Sources */,
				CE32C77A2F1CBE36000A882E /* Frameworks */,
				CE32C77B2F1CBE36000A882E /* Resources */,
			);
			buildRules = (
			);
			dependencies = (
			);
			fileSystemSynchronizedGroups = (
				CE32C77F2F1CBE36000A882E /* BB counter */,
			);
			name = "BB counter";
			packageProductDependencies = (
			);
			productName = "BB counter";
			productReference = CE32C77D2F1CBE36000A882E /* BB counter.app */;
			productType = "com.apple.product-type.application";
		};
		CE32C7892F1CBE38000A882E /* BB counterTests */ = {
			isa = PBXNativeTarget;
			buildConfigurationList = CE32C7A12F1CBE38000A882E /* Build configuration list for PBXNativeTarget "BB counterTests" */;
			buildPhases = (
				CE32C7862F1CBE38000A882E /* Sources */,
				CE32C7872F1CBE38000A882E /* Frameworks */,
				CE32C7882F1CBE38000A882E /* Resources */,
			);
			buildRules = (
			);
			dependencies = (
				CE32C78C2F1CBE38000A882E /* PBXTargetDependency */,
			);
			fileSystemSynchronizedGroups = (
				CE32C78D2F1CBE38000A882E /* BB counterTests */,
			);
			name = "BB counterTests";
			packageProductDependencies = (
			);
			productName = "BB counterTests";
			productReference = CE32C78A2F1CBE38000A882E /* BB counterTests.xctest */;
			productType = "com.apple.product-type.bundle.unit-test";
		};
		CE32C7932F1CBE38000A882E /* BB counterUITests */ = {
			isa = PBXNativeTarget;
			buildConfigurationList = CE32C7A42F1CBE38000A882E /* Build configuration list for PBXNativeTarget "BB counterUITests" */;
			buildPhases = (
				CE32C7902F1CBE38000A882E /* Sources */,
				CE32C7912F1CBE38000A882E /* Frameworks */,
				CE32C7922F1CBE38000A882E /* Resources */,
			);
			buildRules = (
			);
			dependencies = (
				CE32C7962F1CBE38000A882E /* PBXTargetDependency */,
			);
			fileSystemSynchronizedGroups = (
				CE32C7972F1CBE38000A882E /* BB counterUITests */,
			);
			name = "BB counterUITests";
			packageProductDependencies = (
			);
			productName = "BB counterUITests";
			productReference = CE32C7942F1CBE38000A882E /* BB counterUITests.xctest */;
			productType = "com.apple.product-type.bundle.ui-testing";
		};
/* End PBXNativeTarget section */

/* Begin PBXProject section */
		CE32C7752F1CBE36000A882E /* Project object */ = {
			isa = PBXProject;
			attributes = {
				BuildIndependentTargetsInParallel = 1;
				LastSwiftUpdateCheck = 1640;
				LastUpgradeCheck = 1640;
				TargetAttributes = {
					CE32C77C2F1CBE36000A882E = {
						CreatedOnToolsVersion = 16.4;
					};
					CE32C7892F1CBE38000A882E = {
						CreatedOnToolsVersion = 16.4;
						TestTargetID = CE32C77C2F1CBE36000A882E;
					};
					CE32C7932F1CBE38000A882E = {
						CreatedOnToolsVersion = 16.4;
						TestTargetID = CE32C77C2F1CBE36000A882E;
					};
				};
			};
			buildConfigurationList = CE32C7782F1CBE36000A882E /* Build configuration list for PBXProject "BB counter" */;
			developmentRegion = en;
			hasScannedForEncodings = 0;
			knownRegions = (
				en,
				Base,
			);
			mainGroup = CE32C7742F1CBE36000A882E;
			minimizedProjectReferenceProxies = 1;
			preferredProjectObjectVersion = 77;
			productRefGroup = CE32C77E2F1CBE36000A882E /* Products */;
			projectDirPath = "";
			projectRoot = "";
			targets = (
				CE32C77C2F1CBE36000A882E /* BB counter */,
				CE32C7892F1CBE38000A882E /* BB counterTests */,
				CE32C7932F1CBE38000A882E /* BB counterUITests */,
			);
		};
/* End PBXProject section */

/* Begin PBXResourcesBuildPhase section */
		CE32C77B2F1CBE36000A882E /* Resources */ = {
			isa = PBXResourcesBuildPhase;
			buildActionMask = 2147483647;
			files = (
			);
			runOnlyForDeploymentPostprocessing = 0;
		};
		CE32C7882F1CBE38000A882E /* Resources */ = {
			isa = PBXResourcesBuildPhase;
			buildActionMask = 2147483647;
			files = (
			);
			runOnlyForDeploymentPostprocessing = 0;
		};
		CE32C7922F1CBE38000A882E /* Resources */ = {
			isa = PBXResourcesBuildPhase;
			buildActionMask = 2147483647;
			files = (
			);
			runOnlyForDeploymentPostprocessing = 0;
		};
/* End PBXResourcesBuildPhase section */

/* Begin PBXSourcesBuildPhase section */
		CE32C7792F1CBE36000A882E /* Sources */ = {
			isa = PBXSourcesBuildPhase;
			buildActionMask = 2147483647;
			files = (
			);
			runOnlyForDeploymentPostprocessing = 0;
		};
		CE32C7862F1CBE38000A882E /* Sources */ = {
			isa = PBXSourcesBuildPhase;
			buildActionMask = 2147483647;
			files = (
			);
			runOnlyForDeploymentPostprocessing = 0;
		};
		CE32C7902F1CBE38000A882E /* Sources */ = {
			isa = PBXSourcesBuildPhase;
			buildActionMask = 2147483647;
			files = (
			);
			runOnlyForDeploymentPostprocessing = 0;
		};
/* End PBXSourcesBuildPhase section */

/* Begin PBXTargetDependency section */
		CE32C78C2F1CBE38000A882E /* PBXTargetDependency */ = {
			isa = PBXTargetDependency;
			target = CE32C77C2F1CBE36000A882E /* BB counter */;
			targetProxy = CE32C78B2F1CBE38000A882E /* PBXContainerItemProxy */;
		};
		CE32C7962F1CBE38000A882E /* PBXTargetDependency */ = {
			isa = PBXTargetDependency;
			target = CE32C77C2F1CBE36000A882E /* BB counter */;
			targetProxy = CE32C7952F1CBE38000A882E /* PBXContainerItemProxy */;
		};
/* End PBXTargetDependency section */

/* Begin XCBuildConfiguration section */
		CE32C79C2F1CBE38000A882E /* Debug */ = {
			isa = XCBuildConfiguration;
			buildSettings = {
				ALWAYS_SEARCH_USER_PATHS = NO;
				ASSETCATALOG_COMPILER_GENERATE_SWIFT_ASSET_SYMBOL_EXTENSIONS = YES;
				CLANG_ANALYZER_NONNULL = YES;
				CLANG_ANALYZER_NUMBER_OBJECT_CONVERSION = YES_AGGRESSIVE;
				CLANG_CXX_LANGUAGE_STANDARD = "gnu++20";
				CLANG_ENABLE_MODULES = YES;
				CLANG_ENABLE_OBJC_ARC = YES;
				CLANG_ENABLE_OBJC_WEAK = YES;
				CLANG_WARN_BLOCK_CAPTURE_AUTORELEASING = YES;
				CLANG_WARN_BOOL_CONVERSION = YES;
				CLANG_WARN_COMMA = YES;
				CLANG_WARN_CONSTANT_CONVERSION = YES;
				CLANG_WARN_DEPRECATED_OBJC_IMPLEMENTATIONS = YES;
				CLANG_WARN_DIRECT_OBJC_ISA_USAGE = YES_ERROR;
				CLANG_WARN_DOCUMENTATION_COMMENTS = YES;
				CLANG_WARN_EMPTY_BODY = YES;
				CLANG_WARN_ENUM_CONVERSION = YES;
				CLANG_WARN_INFINITE_RECURSION = YES;
				CLANG_WARN_INT_CONVERSION = YES;
				CLANG_WARN_NON_LITERAL_NULL_CONVERSION = YES;
				CLANG_WARN_OBJC_IMPLICIT_RETAIN_SELF = YES;
				CLANG_WARN_OBJC_LITERAL_CONVERSION = YES;
				CLANG_WARN_OBJC_ROOT_CLASS = YES_ERROR;
				CLANG_WARN_QUOTED_INCLUDE_IN_FRAMEWORK_HEADER = YES;
				CLANG_WARN_RANGE_LOOP_ANALYSIS = YES;
				CLANG_WARN_STRICT_PROTOTYPES = YES;
				CLANG_WARN_SUSPICIOUS_MOVE = YES;
				CLANG_WARN_UNGUARDED_AVAILABILITY = YES_AGGRESSIVE;
				CLANG_WARN_UNREACHABLE_CODE = YES;
				CLANG_WARN__DUPLICATE_METHOD_MATCH = YES;
				COPY_PHASE_STRIP = NO;
				DEBUG_INFORMATION_FORMAT = dwarf;
				DEVELOPMENT_TEAM = AJSJ34TNH8;
				ENABLE_STRICT_OBJC_MSGSEND = YES;
				ENABLE_TESTABILITY = YES;
				ENABLE_USER_SCRIPT_SANDBOXING = YES;
				GCC_C_LANGUAGE_STANDARD = gnu17;
				GCC_DYNAMIC_NO_PIC = NO;
				GCC_NO_COMMON_BLOCKS = YES;
				GCC_OPTIMIZATION_LEVEL = 0;
				GCC_PREPROCESSOR_DEFINITIONS = (
					"DEBUG=1",
					"$(inherited)",
				);
				GCC_WARN_64_TO_32_BIT_CONVERSION = YES;
				GCC_WARN_ABOUT_RETURN_TYPE = YES_ERROR;
				GCC_WARN_UNDECLARED_SELECTOR = YES;
				GCC_WARN_UNINITIALIZED_AUTOS = YES_AGGRESSIVE;
				GCC_WARN_UNUSED_FUNCTION = YES;
				GCC_WARN_UNUSED_VARIABLE = YES;
				IPHONEOS_DEPLOYMENT_TARGET = 18.5;
				LOCALIZATION_PREFERS_STRING_CATALOGS = YES;
				MTL_ENABLE_DEBUG_INFO = INCLUDE_SOURCE;
				MTL_FAST_MATH = YES;
				ONLY_ACTIVE_ARCH = YES;
				SDKROOT = iphoneos;
				SWIFT_ACTIVE_COMPILATION_CONDITIONS = "DEBUG $(inherited)";
				SWIFT_OPTIMIZATION_LEVEL = "-Onone";
			};
			name = Debug;
		};
		CE32C79D2F1CBE38000A882E /* Release */ = {
			isa = XCBuildConfiguration;
			buildSettings = {
				ALWAYS_SEARCH_USER_PATHS = NO;
				ASSETCATALOG_COMPILER_GENERATE_SWIFT_ASSET_SYMBOL_EXTENSIONS = YES;
				CLANG_ANALYZER_NONNULL = YES;
				CLANG_ANALYZER_NUMBER_OBJECT_CONVERSION = YES_AGGRESSIVE;
				CLANG_CXX_LANGUAGE_STANDARD = "gnu++20";
				CLANG_ENABLE_MODULES = YES;
				CLANG_ENABLE_OBJC_ARC = YES;
				CLANG_ENABLE_OBJC_WEAK = YES;
				CLANG_WARN_BLOCK_CAPTURE_AUTORELEASING = YES;
				CLANG_WARN_BOOL_CONVERSION = YES;
				CLANG_WARN_COMMA = YES;
				CLANG_WARN_CONSTANT_CONVERSION = YES;
				CLANG_WARN_DEPRECATED_OBJC_IMPLEMENTATIONS = YES;
				CLANG_WARN_DIRECT_OBJC_ISA_USAGE = YES_ERROR;
				CLANG_WARN_DOCUMENTATION_COMMENTS = YES;
				CLANG_WARN_EMPTY_BODY = YES;
				CLANG_WARN_ENUM_CONVERSION = YES;
				CLANG_WARN_INFINITE_RECURSION = YES;
				CLANG_WARN_INT_CONVERSION = YES;
				CLANG_WARN_NON_LITERAL_NULL_CONVERSION = YES;
				CLANG_WARN_OBJC_IMPLICIT_RETAIN_SELF = YES;
				CLANG_WARN_OBJC_LITERAL_CONVERSION = YES;
				CLANG_WARN_OBJC_ROOT_CLASS = YES_ERROR;
				CLANG_WARN_QUOTED_INCLUDE_IN_FRAMEWORK_HEADER = YES;
				CLANG_WARN_RANGE_LOOP_ANALYSIS = YES;
				CLANG_WARN_STRICT_PROTOTYPES = YES;
				CLANG_WARN_SUSPICIOUS_MOVE = YES;
				CLANG_WARN_UNGUARDED_AVAILABILITY = YES_AGGRESSIVE;
				CLANG_WARN_UNREACHABLE_CODE = YES;
				CLANG_WARN__DUPLICATE_METHOD_MATCH = YES;
				COPY_PHASE_STRIP = NO;
				DEBUG_INFORMATION_FORMAT = "dwarf-with-dsym";
				DEVELOPMENT_TEAM = AJSJ34TNH8;
				ENABLE_NS_ASSERTIONS = NO;
				ENABLE_STRICT_OBJC_MSGSEND = YES;
				ENABLE_USER_SCRIPT_SANDBOXING = YES;
				GCC_C_LANGUAGE_STANDARD = gnu17;
				GCC_NO_COMMON_BLOCKS = YES;
				GCC_WARN_64_TO_32_BIT_CONVERSION = YES;
				GCC_WARN_ABOUT_RETURN_TYPE = YES_ERROR;
				GCC_WARN_UNDECLARED_SELECTOR = YES;
				GCC_WARN_UNINITIALIZED_AUTOS = YES_AGGRESSIVE;
				GCC_WARN_UNUSED_FUNCTION = YES;
				GCC_WARN_UNUSED_VARIABLE = YES;
				IPHONEOS_DEPLOYMENT_TARGET = 18.5;
				LOCALIZATION_PREFERS_STRING_CATALOGS = YES;
				MTL_ENABLE_DEBUG_INFO = NO;
				MTL_FAST_MATH = YES;
				SDKROOT = iphoneos;
				SWIFT_COMPILATION_MODE = wholemodule;
				VALIDATE_PRODUCT = YES;
			};
			name = Release;
		};
		CE32C79F2F1CBE38000A882E /* Debug */ = {
			isa = XCBuildConfiguration;
			buildSettings = {
				ASSETCATALOG_COMPILER_APPICON_NAME = AppIcon;
				ASSETCATALOG_COMPILER_GLOBAL_ACCENT_COLOR_NAME = AccentColor;
				CODE_SIGN_STYLE = Automatic;
				CURRENT_PROJECT_VERSION = 1;
				DEVELOPMENT_TEAM = AJSJ34TNH8;
				ENABLE_PREVIEWS = YES;
				GENERATE_INFOPLIST_FILE = YES;
				INFOPLIST_KEY_UIApplicationSceneManifest_Generation = YES;
				INFOPLIST_KEY_UIApplicationSupportsIndirectInputEvents = YES;
				INFOPLIST_KEY_UILaunchScreen_Generation = YES;
				INFOPLIST_KEY_UISupportedInterfaceOrientations_iPad = "UIInterfaceOrientationPortrait UIInterfaceOrientationPortraitUpsideDown UIInterfaceOrientationLandscapeLeft UIInterfaceOrientationLandscapeRight";
				INFOPLIST_KEY_UISupportedInterfaceOrientations_iPhone = "UIInterfaceOrientationPortrait UIInterfaceOrientationLandscapeLeft UIInterfaceOrientationLandscapeRight";
				LD_RUNPATH_SEARCH_PATHS = (
					"$(inherited)",
					"@executable_path/Frameworks",
				);
				MARKETING_VERSION = 1.0;
				PRODUCT_BUNDLE_IDENTIFIER = "PaulChiang.BB-counter";
				PRODUCT_NAME = "$(TARGET_NAME)";
				SWIFT_EMIT_LOC_STRINGS = YES;
				SWIFT_VERSION = 5.0;
				TARGETED_DEVICE_FAMILY = "1,2";
			};
			name = Debug;
		};
		CE32C7A02F1CBE38000A882E /* Release */ = {
			isa = XCBuildConfiguration;
			buildSettings = {
				ASSETCATALOG_COMPILER_APPICON_NAME = AppIcon;
				ASSETCATALOG_COMPILER_GLOBAL_ACCENT_COLOR_NAME = AccentColor;
				CODE_SIGN_STYLE = Automatic;
				CURRENT_PROJECT_VERSION = 1;
				DEVELOPMENT_TEAM = AJSJ34TNH8;
				ENABLE_PREVIEWS = YES;
				GENERATE_INFOPLIST_FILE = YES;
				INFOPLIST_KEY_UIApplicationSceneManifest_Generation = YES;
				INFOPLIST_KEY_UIApplicationSupportsIndirectInputEvents = YES;
				INFOPLIST_KEY_UILaunchScreen_Generation = YES;
				INFOPLIST_KEY_UISupportedInterfaceOrientations_iPad = "UIInterfaceOrientationPortrait UIInterfaceOrientationPortraitUpsideDown UIInterfaceOrientationLandscapeLeft UIInterfaceOrientationLandscapeRight";
				INFOPLIST_KEY_UISupportedInterfaceOrientations_iPhone = "UIInterfaceOrientationPortrait UIInterfaceOrientationLandscapeLeft UIInterfaceOrientationLandscapeRight";
				LD_RUNPATH_SEARCH_PATHS = (
					"$(inherited)",
					"@executable_path/Frameworks",
				);
				MARKETING_VERSION = 1.0;
				PRODUCT_BUNDLE_IDENTIFIER = "PaulChiang.BB-counter";
				PRODUCT_NAME = "$(TARGET_NAME)";
				SWIFT_EMIT_LOC_STRINGS = YES;
				SWIFT_VERSION = 5.0;
				TARGETED_DEVICE_FAMILY = "1,2";
			};
			name = Release;
		};
		CE32C7A22F1CBE38000A882E /* Debug */ = {
			isa = XCBuildConfiguration;
			buildSettings = {
				BUNDLE_LOADER = "$(TEST_HOST)";
				CODE_SIGN_STYLE = Automatic;
				CURRENT_PROJECT_VERSION = 1;
				DEVELOPMENT_TEAM = AJSJ34TNH8;
				GENERATE_INFOPLIST_FILE = YES;
				IPHONEOS_DEPLOYMENT_TARGET = 18.5;
				MARKETING_VERSION = 1.0;
				PRODUCT_BUNDLE_IDENTIFIER = "PaulChiang.BB-counterTests";
				PRODUCT_NAME = "$(TARGET_NAME)";
				SWIFT_EMIT_LOC_STRINGS = NO;
				SWIFT_VERSION = 5.0;
				TARGETED_DEVICE_FAMILY = "1,2";
				TEST_HOST = "$(BUILT_PRODUCTS_DIR)/BB counter.app/$(BUNDLE_EXECUTABLE_FOLDER_PATH)/BB counter";
			};
			name = Debug;
		};
		CE32C7A32F1CBE38000A882E /* Release */ = {
			isa = XCBuildConfiguration;
			buildSettings = {
				BUNDLE_LOADER = "$(TEST_HOST)";
				CODE_SIGN_STYLE = Automatic;
				CURRENT_PROJECT_VERSION = 1;
				DEVELOPMENT_TEAM = AJSJ34TNH8;
				GENERATE_INFOPLIST_FILE = YES;
				IPHONEOS_DEPLOYMENT_TARGET = 18.5;
				MARKETING_VERSION = 1.0;
				PRODUCT_BUNDLE_IDENTIFIER = "PaulChiang.BB-counterTests";
				PRODUCT_NAME = "$(TARGET_NAME)";
				SWIFT_EMIT_LOC_STRINGS = NO;
				SWIFT_VERSION = 5.0;
				TARGETED_DEVICE_FAMILY = "1,2";
				TEST_HOST = "$(BUILT_PRODUCTS_DIR)/BB counter.app/$(BUNDLE_EXECUTABLE_FOLDER_PATH)/BB counter";
			};
			name = Release;
		};
		CE32C7A52F1CBE38000A882E /* Debug */ = {
			isa = XCBuildConfiguration;
			buildSettings = {
				CODE_SIGN_STYLE = Automatic;
				CURRENT_PROJECT_VERSION = 1;
				DEVELOPMENT_TEAM = AJSJ34TNH8;
				GENERATE_INFOPLIST_FILE = YES;
				MARKETING_VERSION = 1.0;
				PRODUCT_BUNDLE_IDENTIFIER = "PaulChiang.BB-counterUITests";
				PRODUCT_NAME = "$(TARGET_NAME)";
				SWIFT_EMIT_LOC_STRINGS = NO;
				SWIFT_VERSION = 5.0;
				TARGETED_DEVICE_FAMILY = "1,2";
				TEST_TARGET_NAME = "BB counter";
			};
			name = Debug;
		};
		CE32C7A62F1CBE38000A882E /* Release */ = {
			isa = XCBuildConfiguration;
			buildSettings = {
				CODE_SIGN_STYLE = Automatic;
				CURRENT_PROJECT_VERSION = 1;
				DEVELOPMENT_TEAM = AJSJ34TNH8;
				GENERATE_INFOPLIST_FILE = YES;
				MARKETING_VERSION = 1.0;
				PRODUCT_BUNDLE_IDENTIFIER = "PaulChiang.BB-counterUITests";
				PRODUCT_NAME = "$(TARGET_NAME)";
				SWIFT_EMIT_LOC_STRINGS = NO;
				SWIFT_VERSION = 5.0;
				TARGETED_DEVICE_FAMILY = "1,2";
				TEST_TARGET_NAME = "BB counter";
			};
			name = Release;
		};
/* End XCBuildConfiguration section */

/* Begin XCConfigurationList section */
		CE32C7782F1CBE36000A882E /* Build configuration list for PBXProject "BB counter" */ = {
			isa = XCConfigurationList;
			buildConfigurations = (
				CE32C79C2F1CBE38000A882E /* Debug */,
				CE32C79D2F1CBE38000A882E /* Release */,
			);
			defaultConfigurationIsVisible = 0;
			defaultConfigurationName = Release;
		};
		CE32C79E2F1CBE38000A882E /* Build configuration list for PBXNativeTarget "BB counter" */ = {
			isa = XCConfigurationList;
			buildConfigurations = (
				CE32C79F2F1CBE38000A882E /* Debug */,
				CE32C7A02F1CBE38000A882E /* Release */,
			);
			defaultConfigurationIsVisible = 0;
			defaultConfigurationName = Release;
		};
		CE32C7A12F1CBE38000A882E /* Build configuration list for PBXNativeTarget "BB counterTests" */ = {
			isa = XCConfigurationList;
			buildConfigurations = (
				CE32C7A22F1CBE38000A882E /* Debug */,
				CE32C7A32F1CBE38000A882E /* Release */,
			);
			defaultConfigurationIsVisible = 0;
			defaultConfigurationName = Release;
		};
		CE32C7A42F1CBE38000A882E /* Build configuration list for PBXNativeTarget "BB counterUITests" */ = {
			isa = XCConfigurationList;
			buildConfigurations = (
				CE32C7A52F1CBE38000A882E /* Debug */,
				CE32C7A62F1CBE38000A882E /* Release */,
			);
			defaultConfigurationIsVisible = 0;
			defaultConfigurationName = Release;
		};
/* End XCConfigurationList section */
	};
	rootObject = CE32C7752F1CBE36000A882E /* Project object */;
}
